// !$*UTF8*$!
{
	archiveVersion = 1;
	classes = {
	};
	objectVersion = 46;
	objects = {

/* Begin PBXBuildFile section */
		05262E3E2036D9A4EAB35DDB /* Pods_MoviesTests.framework in Frameworks */ = {isa = PBXBuildFile; fileRef = 66DF2E25723AF24E0F1F5373 /* Pods_MoviesTests.framework */; };
		2BBEAF24100D6ECDF9133C8C /* Pods_Movies.framework in Frameworks */ = {isa = PBXBuildFile; fileRef = 3728495A587CAC7EA60C8F49 /* Pods_Movies.framework */; };
		2DCA257B0735CFC78D20793F /* Pods_MoviesUITests.framework in Frameworks */ = {isa = PBXBuildFile; fileRef = 2DBBFD635BB381B6327C696D /* Pods_MoviesUITests.framework */; };
		F501DDC81F16658D007B6DAB /* MockListMovieView.swift in Sources */ = {isa = PBXBuildFile; fileRef = F501DDC71F16658D007B6DAB /* MockListMovieView.swift */; };
		F501DDCB1F166C6B007B6DAB /* ListMoviesViewModel.swift in Sources */ = {isa = PBXBuildFile; fileRef = F501DDCA1F166C6B007B6DAB /* ListMoviesViewModel.swift */; };
		F501DDCD1F16724D007B6DAB /* MVVMListMoviesViewController.swift in Sources */ = {isa = PBXBuildFile; fileRef = F501DDCC1F16724D007B6DAB /* MVVMListMoviesViewController.swift */; };
		F501DDCF1F16865F007B6DAB /* MovieCellViewModel.swift in Sources */ = {isa = PBXBuildFile; fileRef = F501DDCE1F16865F007B6DAB /* MovieCellViewModel.swift */; };
		F501DDD11F16CFE5007B6DAB /* MVCListMoviesViewController.swift in Sources */ = {isa = PBXBuildFile; fileRef = F501DDD01F16CFE5007B6DAB /* MVCListMoviesViewController.swift */; };
		F501DDD31F16D7E8007B6DAB /* ListMoviesController.swift in Sources */ = {isa = PBXBuildFile; fileRef = F501DDD21F16D7E8007B6DAB /* ListMoviesController.swift */; };
		F501DDD61F16D965007B6DAB /* MockListMoviesControllerDelegate.swift in Sources */ = {isa = PBXBuildFile; fileRef = F501DDD51F16D965007B6DAB /* MockListMoviesControllerDelegate.swift */; };
		F501DDD91F17D2B4007B6DAB /* ListMoviesWebService.swift in Sources */ = {isa = PBXBuildFile; fileRef = F501DDD81F17D2B4007B6DAB /* ListMoviesWebService.swift */; };
		F501DDDB1F17D2CC007B6DAB /* ListMovieDataBase.swift in Sources */ = {isa = PBXBuildFile; fileRef = F501DDDA1F17D2CC007B6DAB /* ListMovieDataBase.swift */; };
		F501DDDE1F17D4F8007B6DAB /* MoviesResponseData.swift in Sources */ = {isa = PBXBuildFile; fileRef = F501DDDD1F17D4F8007B6DAB /* MoviesResponseData.swift */; };
		F501DDE01F17D501007B6DAB /* MovieWebData.swift in Sources */ = {isa = PBXBuildFile; fileRef = F501DDDF1F17D501007B6DAB /* MovieWebData.swift */; };
		F501DDE21F17D730007B6DAB /* MovieWebServiceResponse.swift in Sources */ = {isa = PBXBuildFile; fileRef = F501DDE11F17D730007B6DAB /* MovieWebServiceResponse.swift */; };
		F501DDE61F17DF8B007B6DAB /* MovieManagedObject.swift in Sources */ = {isa = PBXBuildFile; fileRef = F501DDE51F17DF8B007B6DAB /* MovieManagedObject.swift */; };
		F501DDE91F17EE04007B6DAB /* ListMovieFactory.swift in Sources */ = {isa = PBXBuildFile; fileRef = F501DDE81F17EE04007B6DAB /* ListMovieFactory.swift */; };
		F501DDEB1F18055A007B6DAB /* ListMoviePresenterTest.swift in Sources */ = {isa = PBXBuildFile; fileRef = F501DDEA1F18055A007B6DAB /* ListMoviePresenterTest.swift */; };
		F501DDED1F180588007B6DAB /* ListMovieViewModelTest.swift in Sources */ = {isa = PBXBuildFile; fileRef = F501DDEC1F180588007B6DAB /* ListMovieViewModelTest.swift */; };
		F501DDEF1F1805E3007B6DAB /* ListMoviesControllerTest.swift in Sources */ = {isa = PBXBuildFile; fileRef = F501DDEE1F1805E3007B6DAB /* ListMoviesControllerTest.swift */; };
		F501DDF11F1812B7007B6DAB /* ListMoviesWebServiceTest.swift in Sources */ = {isa = PBXBuildFile; fileRef = F501DDF01F1812B7007B6DAB /* ListMoviesWebServiceTest.swift */; };
		F501DDF41F181432007B6DAB /* ListMovieDataBaseTest.swift in Sources */ = {isa = PBXBuildFile; fileRef = F501DDF31F181432007B6DAB /* ListMovieDataBaseTest.swift */; };
		F505F6131F1026F900DCBBD1 /* MovieListTest.swift in Sources */ = {isa = PBXBuildFile; fileRef = F505F6121F1026F900DCBBD1 /* MovieListTest.swift */; };
		F505F6171F10336D00DCBBD1 /* MockListMovies.swift in Sources */ = {isa = PBXBuildFile; fileRef = F505F6161F10336D00DCBBD1 /* MockListMovies.swift */; };
		F505F61A1F10386800DCBBD1 /* ListMoviesTableViewController.swift in Sources */ = {isa = PBXBuildFile; fileRef = F505F6191F10386800DCBBD1 /* ListMoviesTableViewController.swift */; };
		F505F6201F1039CB00DCBBD1 /* MVPListMoviesViewController.swift in Sources */ = {isa = PBXBuildFile; fileRef = F505F61F1F1039CB00DCBBD1 /* MVPListMoviesViewController.swift */; };
		F505F6221F103B2700DCBBD1 /* ListMoviesPresenter.swift in Sources */ = {isa = PBXBuildFile; fileRef = F505F6211F103B2700DCBBD1 /* ListMoviesPresenter.swift */; };
		F505F6241F1044D500DCBBD1 /* ListMoviesTableViewCell.swift in Sources */ = {isa = PBXBuildFile; fileRef = F505F6231F1044D500DCBBD1 /* ListMoviesTableViewCell.swift */; };
		F5764EA61F27FC5C003275F5 /* ListMoviesFromPList.swift in Sources */ = {isa = PBXBuildFile; fileRef = F5764EA41F27FB39003275F5 /* ListMoviesFromPList.swift */; };
		F5764EA71F27FC5E003275F5 /* UpcomingMovies.plist in Resources */ = {isa = PBXBuildFile; fileRef = F5764EA31F27FB16003275F5 /* UpcomingMovies.plist */; };
		F5764EA81F27FC61003275F5 /* InTheathers.plist in Resources */ = {isa = PBXBuildFile; fileRef = F5764EA51F27FB71003275F5 /* InTheathers.plist */; };
		F5FB7E391F083DD10095095A /* AppDelegate.swift in Sources */ = {isa = PBXBuildFile; fileRef = F5FB7E381F083DD10095095A /* AppDelegate.swift */; };
		F5FB7E3B1F083DD10095095A /* ViewController.swift in Sources */ = {isa = PBXBuildFile; fileRef = F5FB7E3A1F083DD10095095A /* ViewController.swift */; };
		F5FB7E3E1F083DD10095095A /* Main.storyboard in Resources */ = {isa = PBXBuildFile; fileRef = F5FB7E3C1F083DD10095095A /* Main.storyboard */; };
		F5FB7E411F083DD10095095A /* Movies.xcdatamodeld in Sources */ = {isa = PBXBuildFile; fileRef = F5FB7E3F1F083DD10095095A /* Movies.xcdatamodeld */; };
		F5FB7E431F083DD10095095A /* Assets.xcassets in Resources */ = {isa = PBXBuildFile; fileRef = F5FB7E421F083DD10095095A /* Assets.xcassets */; };
		F5FB7E461F083DD10095095A /* LaunchScreen.storyboard in Resources */ = {isa = PBXBuildFile; fileRef = F5FB7E441F083DD10095095A /* LaunchScreen.storyboard */; };
		F5FB7E511F083DD10095095A /* MoviesTests.swift in Sources */ = {isa = PBXBuildFile; fileRef = F5FB7E501F083DD10095095A /* MoviesTests.swift */; };
		F5FB7E5C1F083DD10095095A /* MoviesUITests.swift in Sources */ = {isa = PBXBuildFile; fileRef = F5FB7E5B1F083DD10095095A /* MoviesUITests.swift */; };
		F5FB7E6B1F0841300095095A /* Gendre.swift in Sources */ = {isa = PBXBuildFile; fileRef = F5FB7E6A1F0841300095095A /* Gendre.swift */; };
		F5FB7E6E1F0843B90095095A /* GendreTest.swift in Sources */ = {isa = PBXBuildFile; fileRef = F5FB7E6D1F0843B90095095A /* GendreTest.swift */; };
		F5FB7E701F085A9F0095095A /* Movie.swift in Sources */ = {isa = PBXBuildFile; fileRef = F5FB7E6F1F085A9F0095095A /* Movie.swift */; };
		F5FB7E741F085DFB0095095A /* ListMovies.swift in Sources */ = {isa = PBXBuildFile; fileRef = F5FB7E731F085DFB0095095A /* ListMovies.swift */; };
/* End PBXBuildFile section */

/* Begin PBXContainerItemProxy section */
		F5FB7E4D1F083DD10095095A /* PBXContainerItemProxy */ = {
			isa = PBXContainerItemProxy;
			containerPortal = F5FB7E2D1F083DD10095095A /* Project object */;
			proxyType = 1;
			remoteGlobalIDString = F5FB7E341F083DD10095095A;
			remoteInfo = Movies;
		};
		F5FB7E581F083DD10095095A /* PBXContainerItemProxy */ = {
			isa = PBXContainerItemProxy;
			containerPortal = F5FB7E2D1F083DD10095095A /* Project object */;
			proxyType = 1;
			remoteGlobalIDString = F5FB7E341F083DD10095095A;
			remoteInfo = Movies;
		};
/* End PBXContainerItemProxy section */

/* Begin PBXFileReference section */
		2DBBFD635BB381B6327C696D /* Pods_MoviesUITests.framework */ = {isa = PBXFileReference; explicitFileType = wrapper.framework; includeInIndex = 0; path = Pods_MoviesUITests.framework; sourceTree = BUILT_PRODUCTS_DIR; };
		3728495A587CAC7EA60C8F49 /* Pods_Movies.framework */ = {isa = PBXFileReference; explicitFileType = wrapper.framework; includeInIndex = 0; path = Pods_Movies.framework; sourceTree = BUILT_PRODUCTS_DIR; };
		5F75D5BA3E741B657A6EBFC4 /* Pods-MoviesTests.debug.xcconfig */ = {isa = PBXFileReference; includeInIndex = 1; lastKnownFileType = text.xcconfig; name = "Pods-MoviesTests.debug.xcconfig"; path = "Pods/Target Support Files/Pods-MoviesTests/Pods-MoviesTests.debug.xcconfig"; sourceTree = "<group>"; };
		66DF2E25723AF24E0F1F5373 /* Pods_MoviesTests.framework */ = {isa = PBXFileReference; explicitFileType = wrapper.framework; includeInIndex = 0; path = Pods_MoviesTests.framework; sourceTree = BUILT_PRODUCTS_DIR; };
		6BFD083E448E343FC8380DEB /* Pods-Movies.debug.xcconfig */ = {isa = PBXFileReference; includeInIndex = 1; lastKnownFileType = text.xcconfig; name = "Pods-Movies.debug.xcconfig"; path = "Pods/Target Support Files/Pods-Movies/Pods-Movies.debug.xcconfig"; sourceTree = "<group>"; };
		8615AD52896DE20498233E4B /* Pods-MoviesTests.release.xcconfig */ = {isa = PBXFileReference; includeInIndex = 1; lastKnownFileType = text.xcconfig; name = "Pods-MoviesTests.release.xcconfig"; path = "Pods/Target Support Files/Pods-MoviesTests/Pods-MoviesTests.release.xcconfig"; sourceTree = "<group>"; };
		B2EA81CD5D0B3E6D01C462CD /* Pods-MoviesUITests.debug.xcconfig */ = {isa = PBXFileReference; includeInIndex = 1; lastKnownFileType = text.xcconfig; name = "Pods-MoviesUITests.debug.xcconfig"; path = "Pods/Target Support Files/Pods-MoviesUITests/Pods-MoviesUITests.debug.xcconfig"; sourceTree = "<group>"; };
		F31D7A54334DA7FE0EF8D45E /* Pods-Movies.release.xcconfig */ = {isa = PBXFileReference; includeInIndex = 1; lastKnownFileType = text.xcconfig; name = "Pods-Movies.release.xcconfig"; path = "Pods/Target Support Files/Pods-Movies/Pods-Movies.release.xcconfig"; sourceTree = "<group>"; };
		F501DDC71F16658D007B6DAB /* MockListMovieView.swift */ = {isa = PBXFileReference; fileEncoding = 4; lastKnownFileType = sourcecode.swift; path = MockListMovieView.swift; sourceTree = "<group>"; };
		F501DDCA1F166C6B007B6DAB /* ListMoviesViewModel.swift */ = {isa = PBXFileReference; fileEncoding = 4; lastKnownFileType = sourcecode.swift; path = ListMoviesViewModel.swift; sourceTree = "<group>"; };
		F501DDCC1F16724D007B6DAB /* MVVMListMoviesViewController.swift */ = {isa = PBXFileReference; fileEncoding = 4; lastKnownFileType = sourcecode.swift; path = MVVMListMoviesViewController.swift; sourceTree = "<group>"; };
		F501DDCE1F16865F007B6DAB /* MovieCellViewModel.swift */ = {isa = PBXFileReference; fileEncoding = 4; lastKnownFileType = sourcecode.swift; path = MovieCellViewModel.swift; sourceTree = "<group>"; };
		F501DDD01F16CFE5007B6DAB /* MVCListMoviesViewController.swift */ = {isa = PBXFileReference; fileEncoding = 4; lastKnownFileType = sourcecode.swift; path = MVCListMoviesViewController.swift; sourceTree = "<group>"; };
		F501DDD21F16D7E8007B6DAB /* ListMoviesController.swift */ = {isa = PBXFileReference; fileEncoding = 4; lastKnownFileType = sourcecode.swift; path = ListMoviesController.swift; sourceTree = "<group>"; };
		F501DDD51F16D965007B6DAB /* MockListMoviesControllerDelegate.swift */ = {isa = PBXFileReference; fileEncoding = 4; lastKnownFileType = sourcecode.swift; path = MockListMoviesControllerDelegate.swift; sourceTree = "<group>"; };
		F501DDD81F17D2B4007B6DAB /* ListMoviesWebService.swift */ = {isa = PBXFileReference; fileEncoding = 4; lastKnownFileType = sourcecode.swift; path = ListMoviesWebService.swift; sourceTree = "<group>"; };
		F501DDDA1F17D2CC007B6DAB /* ListMovieDataBase.swift */ = {isa = PBXFileReference; fileEncoding = 4; lastKnownFileType = sourcecode.swift; path = ListMovieDataBase.swift; sourceTree = "<group>"; };
		F501DDDD1F17D4F8007B6DAB /* MoviesResponseData.swift */ = {isa = PBXFileReference; fileEncoding = 4; lastKnownFileType = sourcecode.swift; path = MoviesResponseData.swift; sourceTree = "<group>"; };
		F501DDDF1F17D501007B6DAB /* MovieWebData.swift */ = {isa = PBXFileReference; fileEncoding = 4; lastKnownFileType = sourcecode.swift; path = MovieWebData.swift; sourceTree = "<group>"; };
		F501DDE11F17D730007B6DAB /* MovieWebServiceResponse.swift */ = {isa = PBXFileReference; fileEncoding = 4; lastKnownFileType = sourcecode.swift; path = MovieWebServiceResponse.swift; sourceTree = "<group>"; };
		F501DDE51F17DF8B007B6DAB /* MovieManagedObject.swift */ = {isa = PBXFileReference; fileEncoding = 4; lastKnownFileType = sourcecode.swift; path = MovieManagedObject.swift; sourceTree = "<group>"; };
		F501DDE81F17EE04007B6DAB /* ListMovieFactory.swift */ = {isa = PBXFileReference; fileEncoding = 4; lastKnownFileType = sourcecode.swift; path = ListMovieFactory.swift; sourceTree = "<group>"; };
		F501DDEA1F18055A007B6DAB /* ListMoviePresenterTest.swift */ = {isa = PBXFileReference; fileEncoding = 4; lastKnownFileType = sourcecode.swift; path = ListMoviePresenterTest.swift; sourceTree = "<group>"; };
		F501DDEC1F180588007B6DAB /* ListMovieViewModelTest.swift */ = {isa = PBXFileReference; fileEncoding = 4; lastKnownFileType = sourcecode.swift; path = ListMovieViewModelTest.swift; sourceTree = "<group>"; };
		F501DDEE1F1805E3007B6DAB /* ListMoviesControllerTest.swift */ = {isa = PBXFileReference; fileEncoding = 4; lastKnownFileType = sourcecode.swift; path = ListMoviesControllerTest.swift; sourceTree = "<group>"; };
		F501DDF01F1812B7007B6DAB /* ListMoviesWebServiceTest.swift */ = {isa = PBXFileReference; fileEncoding = 4; lastKnownFileType = sourcecode.swift; path = ListMoviesWebServiceTest.swift; sourceTree = "<group>"; };
		F501DDF31F181432007B6DAB /* ListMovieDataBaseTest.swift */ = {isa = PBXFileReference; fileEncoding = 4; lastKnownFileType = sourcecode.swift; path = ListMovieDataBaseTest.swift; sourceTree = "<group>"; };
		F505F6121F1026F900DCBBD1 /* MovieListTest.swift */ = {isa = PBXFileReference; fileEncoding = 4; lastKnownFileType = sourcecode.swift; path = MovieListTest.swift; sourceTree = "<group>"; };
		F505F6161F10336D00DCBBD1 /* MockListMovies.swift */ = {isa = PBXFileReference; fileEncoding = 4; lastKnownFileType = sourcecode.swift; path = MockListMovies.swift; sourceTree = "<group>"; };
		F505F6191F10386800DCBBD1 /* ListMoviesTableViewController.swift */ = {isa = PBXFileReference; fileEncoding = 4; lastKnownFileType = sourcecode.swift; path = ListMoviesTableViewController.swift; sourceTree = "<group>"; };
		F505F61F1F1039CB00DCBBD1 /* MVPListMoviesViewController.swift */ = {isa = PBXFileReference; fileEncoding = 4; lastKnownFileType = sourcecode.swift; path = MVPListMoviesViewController.swift; sourceTree = "<group>"; };
		F505F6211F103B2700DCBBD1 /* ListMoviesPresenter.swift */ = {isa = PBXFileReference; fileEncoding = 4; lastKnownFileType = sourcecode.swift; path = ListMoviesPresenter.swift; sourceTree = "<group>"; };
		F505F6231F1044D500DCBBD1 /* ListMoviesTableViewCell.swift */ = {isa = PBXFileReference; fileEncoding = 4; lastKnownFileType = sourcecode.swift; path = ListMoviesTableViewCell.swift; sourceTree = "<group>"; };
		F55D13481F3A502C00160F22 /* ListMoviesFromPListTest.swift */ = {isa = PBXFileReference; lastKnownFileType = sourcecode.swift; path = ListMoviesFromPListTest.swift; sourceTree = "<group>"; };
		F5612FEF7FF51829D05BA996 /* Pods-MoviesUITests.release.xcconfig */ = {isa = PBXFileReference; includeInIndex = 1; lastKnownFileType = text.xcconfig; name = "Pods-MoviesUITests.release.xcconfig"; path = "Pods/Target Support Files/Pods-MoviesUITests/Pods-MoviesUITests.release.xcconfig"; sourceTree = "<group>"; };
		F5764EA31F27FB16003275F5 /* UpcomingMovies.plist */ = {isa = PBXFileReference; lastKnownFileType = text.plist.xml; path = UpcomingMovies.plist; sourceTree = "<group>"; };
		F5764EA41F27FB39003275F5 /* ListMoviesFromPList.swift */ = {isa = PBXFileReference; lastKnownFileType = sourcecode.swift; path = ListMoviesFromPList.swift; sourceTree = "<group>"; };
		F5764EA51F27FB71003275F5 /* InTheathers.plist */ = {isa = PBXFileReference; lastKnownFileType = text.plist.xml; path = InTheathers.plist; sourceTree = "<group>"; };
		F5FB7E351F083DD10095095A /* Movies.app */ = {isa = PBXFileReference; explicitFileType = wrapper.application; includeInIndex = 0; path = Movies.app; sourceTree = BUILT_PRODUCTS_DIR; };
		F5FB7E381F083DD10095095A /* AppDelegate.swift */ = {isa = PBXFileReference; lastKnownFileType = sourcecode.swift; path = AppDelegate.swift; sourceTree = "<group>"; };
		F5FB7E3A1F083DD10095095A /* ViewController.swift */ = {isa = PBXFileReference; lastKnownFileType = sourcecode.swift; path = ViewController.swift; sourceTree = "<group>"; };
		F5FB7E3D1F083DD10095095A /* Base */ = {isa = PBXFileReference; lastKnownFileType = file.storyboard; name = Base; path = Base.lproj/Main.storyboard; sourceTree = "<group>"; };
		F5FB7E401F083DD10095095A /* Movies.xcdatamodel */ = {isa = PBXFileReference; lastKnownFileType = wrapper.xcdatamodel; path = Movies.xcdatamodel; sourceTree = "<group>"; };
		F5FB7E421F083DD10095095A /* Assets.xcassets */ = {isa = PBXFileReference; lastKnownFileType = folder.assetcatalog; path = Assets.xcassets; sourceTree = "<group>"; };
		F5FB7E451F083DD10095095A /* Base */ = {isa = PBXFileReference; lastKnownFileType = file.storyboard; name = Base; path = Base.lproj/LaunchScreen.storyboard; sourceTree = "<group>"; };
		F5FB7E471F083DD10095095A /* Info.plist */ = {isa = PBXFileReference; lastKnownFileType = text.plist.xml; path = Info.plist; sourceTree = "<group>"; };
		F5FB7E4C1F083DD10095095A /* MoviesTests.xctest */ = {isa = PBXFileReference; explicitFileType = wrapper.cfbundle; includeInIndex = 0; path = MoviesTests.xctest; sourceTree = BUILT_PRODUCTS_DIR; };
		F5FB7E501F083DD10095095A /* MoviesTests.swift */ = {isa = PBXFileReference; lastKnownFileType = sourcecode.swift; path = MoviesTests.swift; sourceTree = "<group>"; };
		F5FB7E521F083DD10095095A /* Info.plist */ = {isa = PBXFileReference; lastKnownFileType = text.plist.xml; path = Info.plist; sourceTree = "<group>"; };
		F5FB7E571F083DD10095095A /* MoviesUITests.xctest */ = {isa = PBXFileReference; explicitFileType = wrapper.cfbundle; includeInIndex = 0; path = MoviesUITests.xctest; sourceTree = BUILT_PRODUCTS_DIR; };
		F5FB7E5B1F083DD10095095A /* MoviesUITests.swift */ = {isa = PBXFileReference; lastKnownFileType = sourcecode.swift; path = MoviesUITests.swift; sourceTree = "<group>"; };
		F5FB7E5D1F083DD10095095A /* Info.plist */ = {isa = PBXFileReference; lastKnownFileType = text.plist.xml; path = Info.plist; sourceTree = "<group>"; };
		F5FB7E6A1F0841300095095A /* Gendre.swift */ = {isa = PBXFileReference; fileEncoding = 4; lastKnownFileType = sourcecode.swift; path = Gendre.swift; sourceTree = "<group>"; };
		F5FB7E6D1F0843B90095095A /* GendreTest.swift */ = {isa = PBXFileReference; fileEncoding = 4; lastKnownFileType = sourcecode.swift; path = GendreTest.swift; sourceTree = "<group>"; };
		F5FB7E6F1F085A9F0095095A /* Movie.swift */ = {isa = PBXFileReference; fileEncoding = 4; lastKnownFileType = sourcecode.swift; path = Movie.swift; sourceTree = "<group>"; };
		F5FB7E731F085DFB0095095A /* ListMovies.swift */ = {isa = PBXFileReference; fileEncoding = 4; lastKnownFileType = sourcecode.swift; path = ListMovies.swift; sourceTree = "<group>"; };
/* End PBXFileReference section */

/* Begin PBXFrameworksBuildPhase section */
		F5FB7E321F083DD10095095A /* Frameworks */ = {
			isa = PBXFrameworksBuildPhase;
			buildActionMask = 2147483647;
			files = (
				2BBEAF24100D6ECDF9133C8C /* Pods_Movies.framework in Frameworks */,
			);
			runOnlyForDeploymentPostprocessing = 0;
		};
		F5FB7E491F083DD10095095A /* Frameworks */ = {
			isa = PBXFrameworksBuildPhase;
			buildActionMask = 2147483647;
			files = (
				05262E3E2036D9A4EAB35DDB /* Pods_MoviesTests.framework in Frameworks */,
			);
			runOnlyForDeploymentPostprocessing = 0;
		};
		F5FB7E541F083DD10095095A /* Frameworks */ = {
			isa = PBXFrameworksBuildPhase;
			buildActionMask = 2147483647;
			files = (
				2DCA257B0735CFC78D20793F /* Pods_MoviesUITests.framework in Frameworks */,
			);
			runOnlyForDeploymentPostprocessing = 0;
		};
/* End PBXFrameworksBuildPhase section */

/* Begin PBXGroup section */
		15E5E0F958F2CACC73E83718 /* Pods */ = {
			isa = PBXGroup;
			children = (
				6BFD083E448E343FC8380DEB /* Pods-Movies.debug.xcconfig */,
				F31D7A54334DA7FE0EF8D45E /* Pods-Movies.release.xcconfig */,
				5F75D5BA3E741B657A6EBFC4 /* Pods-MoviesTests.debug.xcconfig */,
				8615AD52896DE20498233E4B /* Pods-MoviesTests.release.xcconfig */,
				B2EA81CD5D0B3E6D01C462CD /* Pods-MoviesUITests.debug.xcconfig */,
				F5612FEF7FF51829D05BA996 /* Pods-MoviesUITests.release.xcconfig */,
			);
			name = Pods;
			sourceTree = "<group>";
		};
		284A8E8A9F0169DCDCA42422 /* Frameworks */ = {
			isa = PBXGroup;
			children = (
				3728495A587CAC7EA60C8F49 /* Pods_Movies.framework */,
				66DF2E25723AF24E0F1F5373 /* Pods_MoviesTests.framework */,
				2DBBFD635BB381B6327C696D /* Pods_MoviesUITests.framework */,
			);
			name = Frameworks;
			sourceTree = "<group>";
		};
		F501DDC91F166593007B6DAB /* Mocks */ = {
			isa = PBXGroup;
			children = (
				F501DDC71F16658D007B6DAB /* MockListMovieView.swift */,
			);
			name = Mocks;
			sourceTree = "<group>";
		};
		F501DDD41F16D94C007B6DAB /* Mocks */ = {
			isa = PBXGroup;
			children = (
				F501DDD51F16D965007B6DAB /* MockListMoviesControllerDelegate.swift */,
			);
			name = Mocks;
			sourceTree = "<group>";
		};
		F501DDD71F17D29C007B6DAB /* Adapters */ = {
			isa = PBXGroup;
			children = (
				F5D05FFD1F27F5F0002D34CA /* PList */,
				F505F6151F10334100DCBBD1 /* Mocks */,
				F501DDDC1F17D4E5007B6DAB /* WebService */,
				F501DDE41F17D90B007B6DAB /* CoreData */,
			);
			name = Adapters;
			sourceTree = "<group>";
		};
		F501DDDC1F17D4E5007B6DAB /* WebService */ = {
			isa = PBXGroup;
			children = (
				F501DDE31F17D79B007B6DAB /* Responses */,
				F501DDD81F17D2B4007B6DAB /* ListMoviesWebService.swift */,
			);
			name = WebService;
			sourceTree = "<group>";
		};
		F501DDE31F17D79B007B6DAB /* Responses */ = {
			isa = PBXGroup;
			children = (
				F501DDDF1F17D501007B6DAB /* MovieWebData.swift */,
				F501DDDD1F17D4F8007B6DAB /* MoviesResponseData.swift */,
				F501DDE11F17D730007B6DAB /* MovieWebServiceResponse.swift */,
			);
			name = Responses;
			sourceTree = "<group>";
		};
		F501DDE41F17D90B007B6DAB /* CoreData */ = {
			isa = PBXGroup;
			children = (
				F501DDE71F17DF8F007B6DAB /* Entity */,
				F5FB7E3F1F083DD10095095A /* Movies.xcdatamodeld */,
				F501DDDA1F17D2CC007B6DAB /* ListMovieDataBase.swift */,
			);
			name = CoreData;
			sourceTree = "<group>";
		};
		F501DDE71F17DF8F007B6DAB /* Entity */ = {
			isa = PBXGroup;
			children = (
				F501DDE51F17DF8B007B6DAB /* MovieManagedObject.swift */,
			);
			name = Entity;
			sourceTree = "<group>";
		};
		F501DDF21F181372007B6DAB /* ListMovies */ = {
			isa = PBXGroup;
			children = (
				F505F6121F1026F900DCBBD1 /* MovieListTest.swift */,
				F55D13481F3A502C00160F22 /* ListMoviesFromPListTest.swift */,
				F501DDF01F1812B7007B6DAB /* ListMoviesWebServiceTest.swift */,
				F501DDF31F181432007B6DAB /* ListMovieDataBaseTest.swift */,
			);
			name = ListMovies;
			sourceTree = "<group>";
		};
		F505F6151F10334100DCBBD1 /* Mocks */ = {
			isa = PBXGroup;
			children = (
				F505F6161F10336D00DCBBD1 /* MockListMovies.swift */,
			);
			name = Mocks;
			sourceTree = "<group>";
		};
		F505F61B1F1038E200DCBBD1 /* ListMovies */ = {
			isa = PBXGroup;
			children = (
				F501DDD71F17D29C007B6DAB /* Adapters */,
				F5FB7E6F1F085A9F0095095A /* Movie.swift */,
				F5FB7E731F085DFB0095095A /* ListMovies.swift */,
				F501DDE81F17EE04007B6DAB /* ListMovieFactory.swift */,
			);
			name = ListMovies;
			sourceTree = "<group>";
		};
		F505F61C1F10390500DCBBD1 /* MVC */ = {
			isa = PBXGroup;
			children = (
				F501DDD41F16D94C007B6DAB /* Mocks */,
				F501DDD01F16CFE5007B6DAB /* MVCListMoviesViewController.swift */,
				F501DDD21F16D7E8007B6DAB /* ListMoviesController.swift */,
			);
			name = MVC;
			sourceTree = "<group>";
		};
		F505F61D1F10390F00DCBBD1 /* MVP */ = {
			isa = PBXGroup;
			children = (
				F501DDC91F166593007B6DAB /* Mocks */,
				F505F61F1F1039CB00DCBBD1 /* MVPListMoviesViewController.swift */,
				F505F6211F103B2700DCBBD1 /* ListMoviesPresenter.swift */,
			);
			name = MVP;
			sourceTree = "<group>";
		};
		F505F61E1F10393300DCBBD1 /* MVVM */ = {
			isa = PBXGroup;
			children = (
				F501DDCA1F166C6B007B6DAB /* ListMoviesViewModel.swift */,
				F501DDCE1F16865F007B6DAB /* MovieCellViewModel.swift */,
				F501DDCC1F16724D007B6DAB /* MVVMListMoviesViewController.swift */,
			);
			name = MVVM;
			sourceTree = "<group>";
		};
		F5D05FFD1F27F5F0002D34CA /* PList */ = {
			isa = PBXGroup;
			children = (
				F5764EA41F27FB39003275F5 /* ListMoviesFromPList.swift */,
				F5764EA31F27FB16003275F5 /* UpcomingMovies.plist */,
				F5764EA51F27FB71003275F5 /* InTheathers.plist */,
			);
			name = PList;
			sourceTree = "<group>";
		};
		F5FB7E2C1F083DD10095095A = {
			isa = PBXGroup;
			children = (
				F5FB7E371F083DD10095095A /* Movies */,
				F5FB7E4F1F083DD10095095A /* MoviesTests */,
				F5FB7E5A1F083DD10095095A /* MoviesUITests */,
				F5FB7E361F083DD10095095A /* Products */,
				15E5E0F958F2CACC73E83718 /* Pods */,
				284A8E8A9F0169DCDCA42422 /* Frameworks */,
			);
			sourceTree = "<group>";
		};
		F5FB7E361F083DD10095095A /* Products */ = {
			isa = PBXGroup;
			children = (
				F5FB7E351F083DD10095095A /* Movies.app */,
				F5FB7E4C1F083DD10095095A /* MoviesTests.xctest */,
				F5FB7E571F083DD10095095A /* MoviesUITests.xctest */,
			);
			name = Products;
			sourceTree = "<group>";
		};
		F5FB7E371F083DD10095095A /* Movies */ = {
			isa = PBXGroup;
			children = (
				F5FB7E691F0840E80095095A /* Gendres */,
				F5FB7E711F085B910095095A /* Movies List */,
				F5FB7E381F083DD10095095A /* AppDelegate.swift */,
				F5FB7E3A1F083DD10095095A /* ViewController.swift */,
				F5FB7E3C1F083DD10095095A /* Main.storyboard */,
				F5FB7E421F083DD10095095A /* Assets.xcassets */,
				F5FB7E441F083DD10095095A /* LaunchScreen.storyboard */,
				F5FB7E471F083DD10095095A /* Info.plist */,
			);
			path = Movies;
			sourceTree = "<group>";
		};
		F5FB7E4F1F083DD10095095A /* MoviesTests */ = {
			isa = PBXGroup;
			children = (
				F5FB7E721F085C9D0095095A /* Movies List */,
				F5FB7E6C1F0842070095095A /* Gendre */,
				F5FB7E501F083DD10095095A /* MoviesTests.swift */,
				F5FB7E521F083DD10095095A /* Info.plist */,
			);
			path = MoviesTests;
			sourceTree = "<group>";
		};
		F5FB7E5A1F083DD10095095A /* MoviesUITests */ = {
			isa = PBXGroup;
			children = (
				F5FB7E5B1F083DD10095095A /* MoviesUITests.swift */,
				F5FB7E5D1F083DD10095095A /* Info.plist */,
			);
			path = MoviesUITests;
			sourceTree = "<group>";
		};
		F5FB7E691F0840E80095095A /* Gendres */ = {
			isa = PBXGroup;
			children = (
				F5FB7E6A1F0841300095095A /* Gendre.swift */,
			);
			name = Gendres;
			sourceTree = "<group>";
		};
		F5FB7E6C1F0842070095095A /* Gendre */ = {
			isa = PBXGroup;
			children = (
				F5FB7E6D1F0843B90095095A /* GendreTest.swift */,
			);
			name = Gendre;
			sourceTree = "<group>";
		};
		F5FB7E711F085B910095095A /* Movies List */ = {
			isa = PBXGroup;
			children = (
				F505F6191F10386800DCBBD1 /* ListMoviesTableViewController.swift */,
				F505F6231F1044D500DCBBD1 /* ListMoviesTableViewCell.swift */,
				F505F61E1F10393300DCBBD1 /* MVVM */,
				F505F61D1F10390F00DCBBD1 /* MVP */,
				F505F61C1F10390500DCBBD1 /* MVC */,
				F505F61B1F1038E200DCBBD1 /* ListMovies */,
			);
			name = "Movies List";
			sourceTree = "<group>";
		};
		F5FB7E721F085C9D0095095A /* Movies List */ = {
			isa = PBXGroup;
			children = (
				F501DDF21F181372007B6DAB /* ListMovies */,
				F501DDEE1F1805E3007B6DAB /* ListMoviesControllerTest.swift */,
				F501DDEC1F180588007B6DAB /* ListMovieViewModelTest.swift */,
				F501DDEA1F18055A007B6DAB /* ListMoviePresenterTest.swift */,
			);
			name = "Movies List";
			sourceTree = "<group>";
		};
/* End PBXGroup section */

/* Begin PBXNativeTarget section */
		F5FB7E341F083DD10095095A /* Movies */ = {
			isa = PBXNativeTarget;
			buildConfigurationList = F5FB7E601F083DD10095095A /* Build configuration list for PBXNativeTarget "Movies" */;
			buildPhases = (
				7A206B29146E139E163A2A8E /* [CP] Check Pods Manifest.lock */,
				F5FB7E311F083DD10095095A /* Sources */,
				F5FB7E321F083DD10095095A /* Frameworks */,
				F5FB7E331F083DD10095095A /* Resources */,
				A511525546A44C7126CF1EAB /* [CP] Embed Pods Frameworks */,
				6215B8727C138C8F8FDFA9AC /* [CP] Copy Pods Resources */,
			);
			buildRules = (
			);
			dependencies = (
			);
			name = Movies;
			productName = Movies;
			productReference = F5FB7E351F083DD10095095A /* Movies.app */;
			productType = "com.apple.product-type.application";
		};
		F5FB7E4B1F083DD10095095A /* MoviesTests */ = {
			isa = PBXNativeTarget;
			buildConfigurationList = F5FB7E631F083DD10095095A /* Build configuration list for PBXNativeTarget "MoviesTests" */;
			buildPhases = (
				1AA4157FFDE94B012BDC2509 /* [CP] Check Pods Manifest.lock */,
				F5FB7E481F083DD10095095A /* Sources */,
				F5FB7E491F083DD10095095A /* Frameworks */,
				F5FB7E4A1F083DD10095095A /* Resources */,
				14A0C774EF61920592645A77 /* [CP] Embed Pods Frameworks */,
				6F2D426E985BAF5DA251B76A /* [CP] Copy Pods Resources */,
			);
			buildRules = (
			);
			dependencies = (
				F5FB7E4E1F083DD10095095A /* PBXTargetDependency */,
			);
			name = MoviesTests;
			productName = MoviesTests;
			productReference = F5FB7E4C1F083DD10095095A /* MoviesTests.xctest */;
			productType = "com.apple.product-type.bundle.unit-test";
		};
		F5FB7E561F083DD10095095A /* MoviesUITests */ = {
			isa = PBXNativeTarget;
			buildConfigurationList = F5FB7E661F083DD10095095A /* Build configuration list for PBXNativeTarget "MoviesUITests" */;
			buildPhases = (
				9D7FB2241D1924704D62F916 /* [CP] Check Pods Manifest.lock */,
				F5FB7E531F083DD10095095A /* Sources */,
				F5FB7E541F083DD10095095A /* Frameworks */,
				F5FB7E551F083DD10095095A /* Resources */,
				6587AB995B97A84AC613BE7F /* [CP] Embed Pods Frameworks */,
				2680DD9A4161B3FE1D560C9A /* [CP] Copy Pods Resources */,
			);
			buildRules = (
			);
			dependencies = (
				F5FB7E591F083DD10095095A /* PBXTargetDependency */,
			);
			name = MoviesUITests;
			productName = MoviesUITests;
			productReference = F5FB7E571F083DD10095095A /* MoviesUITests.xctest */;
			productType = "com.apple.product-type.bundle.ui-testing";
		};
/* End PBXNativeTarget section */

/* Begin PBXProject section */
		F5FB7E2D1F083DD10095095A /* Project object */ = {
			isa = PBXProject;
			attributes = {
				LastSwiftUpdateCheck = 0830;
				LastUpgradeCheck = 0830;
				ORGANIZATIONNAME = JLainoG;
				TargetAttributes = {
					F5FB7E341F083DD10095095A = {
						CreatedOnToolsVersion = 8.3.2;
						ProvisioningStyle = Automatic;
					};
					F5FB7E4B1F083DD10095095A = {
						CreatedOnToolsVersion = 8.3.2;
						ProvisioningStyle = Automatic;
						TestTargetID = F5FB7E341F083DD10095095A;
					};
					F5FB7E561F083DD10095095A = {
						CreatedOnToolsVersion = 8.3.2;
						ProvisioningStyle = Automatic;
						TestTargetID = F5FB7E341F083DD10095095A;
					};
				};
			};
			buildConfigurationList = F5FB7E301F083DD10095095A /* Build configuration list for PBXProject "Movies" */;
			compatibilityVersion = "Xcode 3.2";
			developmentRegion = English;
			hasScannedForEncodings = 0;
			knownRegions = (
				en,
				Base,
			);
			mainGroup = F5FB7E2C1F083DD10095095A;
			productRefGroup = F5FB7E361F083DD10095095A /* Products */;
			projectDirPath = "";
			projectRoot = "";
			targets = (
				F5FB7E341F083DD10095095A /* Movies */,
				F5FB7E4B1F083DD10095095A /* MoviesTests */,
				F5FB7E561F083DD10095095A /* MoviesUITests */,
			);
		};
/* End PBXProject section */

/* Begin PBXResourcesBuildPhase section */
		F5FB7E331F083DD10095095A /* Resources */ = {
			isa = PBXResourcesBuildPhase;
			buildActionMask = 2147483647;
			files = (
				F5764EA81F27FC61003275F5 /* InTheathers.plist in Resources */,
				F5FB7E461F083DD10095095A /* LaunchScreen.storyboard in Resources */,
				F5FB7E431F083DD10095095A /* Assets.xcassets in Resources */,
				F5FB7E3E1F083DD10095095A /* Main.storyboard in Resources */,
				F5764EA71F27FC5E003275F5 /* UpcomingMovies.plist in Resources */,
			);
			runOnlyForDeploymentPostprocessing = 0;
		};
		F5FB7E4A1F083DD10095095A /* Resources */ = {
			isa = PBXResourcesBuildPhase;
			buildActionMask = 2147483647;
			files = (
			);
			runOnlyForDeploymentPostprocessing = 0;
		};
		F5FB7E551F083DD10095095A /* Resources */ = {
			isa = PBXResourcesBuildPhase;
			buildActionMask = 2147483647;
			files = (
			);
			runOnlyForDeploymentPostprocessing = 0;
		};
/* End PBXResourcesBuildPhase section */

/* Begin PBXShellScriptBuildPhase section */
		14A0C774EF61920592645A77 /* [CP] Embed Pods Frameworks */ = {
			isa = PBXShellScriptBuildPhase;
			buildActionMask = 2147483647;
			files = (
			);
			inputPaths = (
			);
			name = "[CP] Embed Pods Frameworks";
			outputPaths = (
			);
			runOnlyForDeploymentPostprocessing = 0;
			shellPath = /bin/sh;
			shellScript = "\"${SRCROOT}/Pods/Target Support Files/Pods-MoviesTests/Pods-MoviesTests-frameworks.sh\"\n";
			showEnvVarsInLog = 0;
		};
		1AA4157FFDE94B012BDC2509 /* [CP] Check Pods Manifest.lock */ = {
			isa = PBXShellScriptBuildPhase;
			buildActionMask = 2147483647;
			files = (
			);
			inputPaths = (
			);
			name = "[CP] Check Pods Manifest.lock";
			outputPaths = (
			);
			runOnlyForDeploymentPostprocessing = 0;
			shellPath = /bin/sh;
			shellScript = "diff \"${PODS_ROOT}/../Podfile.lock\" \"${PODS_ROOT}/Manifest.lock\" > /dev/null\nif [ $? != 0 ] ; then\n    # print error to STDERR\n    echo \"error: The sandbox is not in sync with the Podfile.lock. Run 'pod install' or update your CocoaPods installation.\" >&2\n    exit 1\nfi\n";
			showEnvVarsInLog = 0;
		};
		2680DD9A4161B3FE1D560C9A /* [CP] Copy Pods Resources */ = {
			isa = PBXShellScriptBuildPhase;
			buildActionMask = 2147483647;
			files = (
			);
			inputPaths = (
			);
			name = "[CP] Copy Pods Resources";
			outputPaths = (
			);
			runOnlyForDeploymentPostprocessing = 0;
			shellPath = /bin/sh;
			shellScript = "\"${SRCROOT}/Pods/Target Support Files/Pods-MoviesUITests/Pods-MoviesUITests-resources.sh\"\n";
			showEnvVarsInLog = 0;
		};
		6215B8727C138C8F8FDFA9AC /* [CP] Copy Pods Resources */ = {
			isa = PBXShellScriptBuildPhase;
			buildActionMask = 2147483647;
			files = (
			);
			inputPaths = (
			);
			name = "[CP] Copy Pods Resources";
			outputPaths = (
			);
			runOnlyForDeploymentPostprocessing = 0;
			shellPath = /bin/sh;
			shellScript = "\"${SRCROOT}/Pods/Target Support Files/Pods-Movies/Pods-Movies-resources.sh\"\n";
			showEnvVarsInLog = 0;
		};
		6587AB995B97A84AC613BE7F /* [CP] Embed Pods Frameworks */ = {
			isa = PBXShellScriptBuildPhase;
			buildActionMask = 2147483647;
			files = (
			);
			inputPaths = (
			);
			name = "[CP] Embed Pods Frameworks";
			outputPaths = (
			);
			runOnlyForDeploymentPostprocessing = 0;
			shellPath = /bin/sh;
			shellScript = "\"${SRCROOT}/Pods/Target Support Files/Pods-MoviesUITests/Pods-MoviesUITests-frameworks.sh\"\n";
			showEnvVarsInLog = 0;
		};
		6F2D426E985BAF5DA251B76A /* [CP] Copy Pods Resources */ = {
			isa = PBXShellScriptBuildPhase;
			buildActionMask = 2147483647;
			files = (
			);
			inputPaths = (
			);
			name = "[CP] Copy Pods Resources";
			outputPaths = (
			);
			runOnlyForDeploymentPostprocessing = 0;
			shellPath = /bin/sh;
			shellScript = "\"${SRCROOT}/Pods/Target Support Files/Pods-MoviesTests/Pods-MoviesTests-resources.sh\"\n";
			showEnvVarsInLog = 0;
		};
		7A206B29146E139E163A2A8E /* [CP] Check Pods Manifest.lock */ = {
			isa = PBXShellScriptBuildPhase;
			buildActionMask = 2147483647;
			files = (
			);
			inputPaths = (
			);
			name = "[CP] Check Pods Manifest.lock";
			outputPaths = (
			);
			runOnlyForDeploymentPostprocessing = 0;
			shellPath = /bin/sh;
			shellScript = "diff \"${PODS_ROOT}/../Podfile.lock\" \"${PODS_ROOT}/Manifest.lock\" > /dev/null\nif [ $? != 0 ] ; then\n    # print error to STDERR\n    echo \"error: The sandbox is not in sync with the Podfile.lock. Run 'pod install' or update your CocoaPods installation.\" >&2\n    exit 1\nfi\n";
			showEnvVarsInLog = 0;
		};
		9D7FB2241D1924704D62F916 /* [CP] Check Pods Manifest.lock */ = {
			isa = PBXShellScriptBuildPhase;
			buildActionMask = 2147483647;
			files = (
			);
			inputPaths = (
			);
			name = "[CP] Check Pods Manifest.lock";
			outputPaths = (
			);
			runOnlyForDeploymentPostprocessing = 0;
			shellPath = /bin/sh;
			shellScript = "diff \"${PODS_ROOT}/../Podfile.lock\" \"${PODS_ROOT}/Manifest.lock\" > /dev/null\nif [ $? != 0 ] ; then\n    # print error to STDERR\n    echo \"error: The sandbox is not in sync with the Podfile.lock. Run 'pod install' or update your CocoaPods installation.\" >&2\n    exit 1\nfi\n";
			showEnvVarsInLog = 0;
		};
		A511525546A44C7126CF1EAB /* [CP] Embed Pods Frameworks */ = {
			isa = PBXShellScriptBuildPhase;
			buildActionMask = 2147483647;
			files = (
			);
			inputPaths = (
			);
			name = "[CP] Embed Pods Frameworks";
			outputPaths = (
			);
			runOnlyForDeploymentPostprocessing = 0;
			shellPath = /bin/sh;
			shellScript = "\"${SRCROOT}/Pods/Target Support Files/Pods-Movies/Pods-Movies-frameworks.sh\"\n";
			showEnvVarsInLog = 0;
		};
/* End PBXShellScriptBuildPhase section */

/* Begin PBXSourcesBuildPhase section */
		F5FB7E311F083DD10095095A /* Sources */ = {
			isa = PBXSourcesBuildPhase;
			buildActionMask = 2147483647;
			files = (
				F501DDD11F16CFE5007B6DAB /* MVCListMoviesViewController.swift in Sources */,
				F501DDCB1F166C6B007B6DAB /* ListMoviesViewModel.swift in Sources */,
				F505F6201F1039CB00DCBBD1 /* MVPListMoviesViewController.swift in Sources */,
				F505F6241F1044D500DCBBD1 /* ListMoviesTableViewCell.swift in Sources */,
				F501DDD31F16D7E8007B6DAB /* ListMoviesController.swift in Sources */,
				F501DDD61F16D965007B6DAB /* MockListMoviesControllerDelegate.swift in Sources */,
				F5FB7E741F085DFB0095095A /* ListMovies.swift in Sources */,
				F501DDC81F16658D007B6DAB /* MockListMovieView.swift in Sources */,
				F501DDCD1F16724D007B6DAB /* MVVMListMoviesViewController.swift in Sources */,
				F5FB7E6B1F0841300095095A /* Gendre.swift in Sources */,
				F501DDD91F17D2B4007B6DAB /* ListMoviesWebService.swift in Sources */,
				F501DDDB1F17D2CC007B6DAB /* ListMovieDataBase.swift in Sources */,
				F501DDE21F17D730007B6DAB /* MovieWebServiceResponse.swift in Sources */,
				F501DDE01F17D501007B6DAB /* MovieWebData.swift in Sources */,
				F5FB7E3B1F083DD10095095A /* ViewController.swift in Sources */,
				F501DDE61F17DF8B007B6DAB /* MovieManagedObject.swift in Sources */,
				F5FB7E411F083DD10095095A /* Movies.xcdatamodeld in Sources */,
				F5FB7E391F083DD10095095A /* AppDelegate.swift in Sources */,
				F5FB7E701F085A9F0095095A /* Movie.swift in Sources */,
				F505F6171F10336D00DCBBD1 /* MockListMovies.swift in Sources */,
				F505F61A1F10386800DCBBD1 /* ListMoviesTableViewController.swift in Sources */,
				F501DDCF1F16865F007B6DAB /* MovieCellViewModel.swift in Sources */,
				F501DDDE1F17D4F8007B6DAB /* MoviesResponseData.swift in Sources */,
				F5764EA61F27FC5C003275F5 /* ListMoviesFromPList.swift in Sources */,
				F501DDE91F17EE04007B6DAB /* ListMovieFactory.swift in Sources */,
				F505F6221F103B2700DCBBD1 /* ListMoviesPresenter.swift in Sources */,
			);
			runOnlyForDeploymentPostprocessing = 0;
		};
		F5FB7E481F083DD10095095A /* Sources */ = {
			isa = PBXSourcesBuildPhase;
			buildActionMask = 2147483647;
			files = (
				F5FB7E6E1F0843B90095095A /* GendreTest.swift in Sources */,
				F505F6131F1026F900DCBBD1 /* MovieListTest.swift in Sources */,
				F5FB7E511F083DD10095095A /* MoviesTests.swift in Sources */,
				F501DDF11F1812B7007B6DAB /* ListMoviesWebServiceTest.swift in Sources */,
				F501DDED1F180588007B6DAB /* ListMovieViewModelTest.swift in Sources */,
				F501DDEF1F1805E3007B6DAB /* ListMoviesControllerTest.swift in Sources */,
				F501DDEB1F18055A007B6DAB /* ListMoviePresenterTest.swift in Sources */,
				F501DDF41F181432007B6DAB /* ListMovieDataBaseTest.swift in Sources */,
			);
			runOnlyForDeploymentPostprocessing = 0;
		};
		F5FB7E531F083DD10095095A /* Sources */ = {
			isa = PBXSourcesBuildPhase;
			buildActionMask = 2147483647;
			files = (
				F5FB7E5C1F083DD10095095A /* MoviesUITests.swift in Sources */,
			);
			runOnlyForDeploymentPostprocessing = 0;
		};
/* End PBXSourcesBuildPhase section */

/* Begin PBXTargetDependency section */
		F5FB7E4E1F083DD10095095A /* PBXTargetDependency */ = {
			isa = PBXTargetDependency;
			target = F5FB7E341F083DD10095095A /* Movies */;
			targetProxy = F5FB7E4D1F083DD10095095A /* PBXContainerItemProxy */;
		};
		F5FB7E591F083DD10095095A /* PBXTargetDependency */ = {
			isa = PBXTargetDependency;
			target = F5FB7E341F083DD10095095A /* Movies */;
			targetProxy = F5FB7E581F083DD10095095A /* PBXContainerItemProxy */;
		};
/* End PBXTargetDependency section */

/* Begin PBXVariantGroup section */
		F5FB7E3C1F083DD10095095A /* Main.storyboard */ = {
			isa = PBXVariantGroup;
			children = (
				F5FB7E3D1F083DD10095095A /* Base */,
			);
			name = Main.storyboard;
			sourceTree = "<group>";
		};
		F5FB7E441F083DD10095095A /* LaunchScreen.storyboard */ = {
			isa = PBXVariantGroup;
			children = (
				F5FB7E451F083DD10095095A /* Base */,
			);
			name = LaunchScreen.storyboard;
			sourceTree = "<group>";
		};
/* End PBXVariantGroup section */

/* Begin XCBuildConfiguration section */
		F5FB7E5E1F083DD10095095A /* Debug */ = {
			isa = XCBuildConfiguration;
			buildSettings = {
				ALWAYS_SEARCH_USER_PATHS = NO;
				CLANG_ANALYZER_NONNULL = YES;
				CLANG_ANALYZER_NUMBER_OBJECT_CONVERSION = YES_AGGRESSIVE;
				CLANG_CXX_LANGUAGE_STANDARD = "gnu++0x";
				CLANG_CXX_LIBRARY = "libc++";
				CLANG_ENABLE_MODULES = YES;
				CLANG_ENABLE_OBJC_ARC = YES;
				CLANG_WARN_BOOL_CONVERSION = YES;
				CLANG_WARN_CONSTANT_CONVERSION = YES;
				CLANG_WARN_DIRECT_OBJC_ISA_USAGE = YES_ERROR;
				CLANG_WARN_DOCUMENTATION_COMMENTS = YES;
				CLANG_WARN_EMPTY_BODY = YES;
				CLANG_WARN_ENUM_CONVERSION = YES;
				CLANG_WARN_INFINITE_RECURSION = YES;
				CLANG_WARN_INT_CONVERSION = YES;
				CLANG_WARN_OBJC_ROOT_CLASS = YES_ERROR;
				CLANG_WARN_SUSPICIOUS_MOVE = YES;
				CLANG_WARN_UNREACHABLE_CODE = YES;
				CLANG_WARN__DUPLICATE_METHOD_MATCH = YES;
				"CODE_SIGN_IDENTITY[sdk=iphoneos*]" = "iPhone Developer";
				COPY_PHASE_STRIP = NO;
				DEBUG_INFORMATION_FORMAT = dwarf;
				ENABLE_STRICT_OBJC_MSGSEND = YES;
				ENABLE_TESTABILITY = YES;
				GCC_C_LANGUAGE_STANDARD = gnu99;
				GCC_DYNAMIC_NO_PIC = NO;
				GCC_NO_COMMON_BLOCKS = YES;
				GCC_OPTIMIZATION_LEVEL = 0;
				GCC_PREPROCESSOR_DEFINITIONS = (
					"DEBUG=1",
					"$(inherited)",
				);
				GCC_WARN_64_TO_32_BIT_CONVERSION = YES;
				GCC_WARN_ABOUT_RETURN_TYPE = YES_ERROR;
				GCC_WARN_UNDECLARED_SELECTOR = YES;
				GCC_WARN_UNINITIALIZED_AUTOS = YES_AGGRESSIVE;
				GCC_WARN_UNUSED_FUNCTION = YES;
				GCC_WARN_UNUSED_VARIABLE = YES;
				IPHONEOS_DEPLOYMENT_TARGET = 10.3;
				MTL_ENABLE_DEBUG_INFO = YES;
				ONLY_ACTIVE_ARCH = YES;
				SDKROOT = iphoneos;
				SWIFT_ACTIVE_COMPILATION_CONDITIONS = DEBUG;
				SWIFT_OPTIMIZATION_LEVEL = "-Onone";
			};
			name = Debug;
		};
		F5FB7E5F1F083DD10095095A /* Release */ = {
			isa = XCBuildConfiguration;
			buildSettings = {
				ALWAYS_SEARCH_USER_PATHS = NO;
				CLANG_ANALYZER_NONNULL = YES;
				CLANG_ANALYZER_NUMBER_OBJECT_CONVERSION = YES_AGGRESSIVE;
				CLANG_CXX_LANGUAGE_STANDARD = "gnu++0x";
				CLANG_CXX_LIBRARY = "libc++";
				CLANG_ENABLE_MODULES = YES;
				CLANG_ENABLE_OBJC_ARC = YES;
				CLANG_WARN_BOOL_CONVERSION = YES;
				CLANG_WARN_CONSTANT_CONVERSION = YES;
				CLANG_WARN_DIRECT_OBJC_ISA_USAGE = YES_ERROR;
				CLANG_WARN_DOCUMENTATION_COMMENTS = YES;
				CLANG_WARN_EMPTY_BODY = YES;
				CLANG_WARN_ENUM_CONVERSION = YES;
				CLANG_WARN_INFINITE_RECURSION = YES;
				CLANG_WARN_INT_CONVERSION = YES;
				CLANG_WARN_OBJC_ROOT_CLASS = YES_ERROR;
				CLANG_WARN_SUSPICIOUS_MOVE = YES;
				CLANG_WARN_UNREACHABLE_CODE = YES;
				CLANG_WARN__DUPLICATE_METHOD_MATCH = YES;
				"CODE_SIGN_IDENTITY[sdk=iphoneos*]" = "iPhone Developer";
				COPY_PHASE_STRIP = NO;
				DEBUG_INFORMATION_FORMAT = "dwarf-with-dsym";
				ENABLE_NS_ASSERTIONS = NO;
				ENABLE_STRICT_OBJC_MSGSEND = YES;
				GCC_C_LANGUAGE_STANDARD = gnu99;
				GCC_NO_COMMON_BLOCKS = YES;
				GCC_WARN_64_TO_32_BIT_CONVERSION = YES;
				GCC_WARN_ABOUT_RETURN_TYPE = YES_ERROR;
				GCC_WARN_UNDECLARED_SELECTOR = YES;
				GCC_WARN_UNINITIALIZED_AUTOS = YES_AGGRESSIVE;
				GCC_WARN_UNUSED_FUNCTION = YES;
				GCC_WARN_UNUSED_VARIABLE = YES;
				IPHONEOS_DEPLOYMENT_TARGET = 10.3;
				MTL_ENABLE_DEBUG_INFO = NO;
				SDKROOT = iphoneos;
				SWIFT_OPTIMIZATION_LEVEL = "-Owholemodule";
				VALIDATE_PRODUCT = YES;
			};
			name = Release;
		};
		F5FB7E611F083DD10095095A /* Debug */ = {
			isa = XCBuildConfiguration;
			baseConfigurationReference = 6BFD083E448E343FC8380DEB /* Pods-Movies.debug.xcconfig */;
			buildSettings = {
				ASSETCATALOG_COMPILER_APPICON_NAME = AppIcon;
				INFOPLIST_FILE = Movies/Info.plist;
				LD_RUNPATH_SEARCH_PATHS = "$(inherited) @executable_path/Frameworks";
				PRODUCT_BUNDLE_IDENTIFIER = JLainoG.Movies;
				PRODUCT_NAME = "$(TARGET_NAME)";
				SWIFT_VERSION = 3.0;
			};
			name = Debug;
		};
		F5FB7E621F083DD10095095A /* Release */ = {
			isa = XCBuildConfiguration;
			baseConfigurationReference = F31D7A54334DA7FE0EF8D45E /* Pods-Movies.release.xcconfig */;
			buildSettings = {
				ASSETCATALOG_COMPILER_APPICON_NAME = AppIcon;
				INFOPLIST_FILE = Movies/Info.plist;
				LD_RUNPATH_SEARCH_PATHS = "$(inherited) @executable_path/Frameworks";
				PRODUCT_BUNDLE_IDENTIFIER = JLainoG.Movies;
				PRODUCT_NAME = "$(TARGET_NAME)";
				SWIFT_VERSION = 3.0;
			};
			name = Release;
		};
		F5FB7E641F083DD10095095A /* Debug */ = {
			isa = XCBuildConfiguration;
			baseConfigurationReference = 5F75D5BA3E741B657A6EBFC4 /* Pods-MoviesTests.debug.xcconfig */;
			buildSettings = {
				ALWAYS_EMBED_SWIFT_STANDARD_LIBRARIES = YES;
				BUNDLE_LOADER = "$(TEST_HOST)";
				INFOPLIST_FILE = MoviesTests/Info.plist;
				LD_RUNPATH_SEARCH_PATHS = "$(inherited) @executable_path/Frameworks @loader_path/Frameworks";
				PRODUCT_BUNDLE_IDENTIFIER = JLainoG.MoviesTests;
				PRODUCT_NAME = "$(TARGET_NAME)";
				SWIFT_VERSION = 3.0;
				TEST_HOST = "$(BUILT_PRODUCTS_DIR)/Movies.app/Movies";
			};
			name = Debug;
		};
		F5FB7E651F083DD10095095A /* Release */ = {
			isa = XCBuildConfiguration;
			baseConfigurationReference = 8615AD52896DE20498233E4B /* Pods-MoviesTests.release.xcconfig */;
			buildSettings = {
				ALWAYS_EMBED_SWIFT_STANDARD_LIBRARIES = YES;
				BUNDLE_LOADER = "$(TEST_HOST)";
				INFOPLIST_FILE = MoviesTests/Info.plist;
				LD_RUNPATH_SEARCH_PATHS = "$(inherited) @executable_path/Frameworks @loader_path/Frameworks";
				PRODUCT_BUNDLE_IDENTIFIER = JLainoG.MoviesTests;
				PRODUCT_NAME = "$(TARGET_NAME)";
				SWIFT_VERSION = 3.0;
				TEST_HOST = "$(BUILT_PRODUCTS_DIR)/Movies.app/Movies";
			};
			name = Release;
		};
		F5FB7E671F083DD10095095A /* Debug */ = {
			isa = XCBuildConfiguration;
			baseConfigurationReference = B2EA81CD5D0B3E6D01C462CD /* Pods-MoviesUITests.debug.xcconfig */;
			buildSettings = {
				ALWAYS_EMBED_SWIFT_STANDARD_LIBRARIES = YES;
				INFOPLIST_FILE = MoviesUITests/Info.plist;
				LD_RUNPATH_SEARCH_PATHS = "$(inherited) @executable_path/Frameworks @loader_path/Frameworks";
				PRODUCT_BUNDLE_IDENTIFIER = JLainoG.MoviesUITests;
				PRODUCT_NAME = "$(TARGET_NAME)";
				SWIFT_VERSION = 3.0;
				TEST_TARGET_NAME = Movies;
			};
			name = Debug;
		};
		F5FB7E681F083DD10095095A /* Release */ = {
			isa = XCBuildConfiguration;
			baseConfigurationReference = F5612FEF7FF51829D05BA996 /* Pods-MoviesUITests.release.xcconfig */;
			buildSettings = {
				ALWAYS_EMBED_SWIFT_STANDARD_LIBRARIES = YES;
				INFOPLIST_FILE = MoviesUITests/Info.plist;
				LD_RUNPATH_SEARCH_PATHS = "$(inherited) @executable_path/Frameworks @loader_path/Frameworks";
				PRODUCT_BUNDLE_IDENTIFIER = JLainoG.MoviesUITests;
				PRODUCT_NAME = "$(TARGET_NAME)";
				SWIFT_VERSION = 3.0;
				TEST_TARGET_NAME = Movies;
			};
			name = Release;
		};
/* End XCBuildConfiguration section */

/* Begin XCConfigurationList section */
		F5FB7E301F083DD10095095A /* Build configuration list for PBXProject "Movies" */ = {
			isa = XCConfigurationList;
			buildConfigurations = (
				F5FB7E5E1F083DD10095095A /* Debug */,
				F5FB7E5F1F083DD10095095A /* Release */,
			);
			defaultConfigurationIsVisible = 0;
			defaultConfigurationName = Release;
		};
		F5FB7E601F083DD10095095A /* Build configuration list for PBXNativeTarget "Movies" */ = {
			isa = XCConfigurationList;
			buildConfigurations = (
				F5FB7E611F083DD10095095A /* Debug */,
				F5FB7E621F083DD10095095A /* Release */,
			);
			defaultConfigurationIsVisible = 0;
			defaultConfigurationName = Release;
		};
		F5FB7E631F083DD10095095A /* Build configuration list for PBXNativeTarget "MoviesTests" */ = {
			isa = XCConfigurationList;
			buildConfigurations = (
				F5FB7E641F083DD10095095A /* Debug */,
				F5FB7E651F083DD10095095A /* Release */,
			);
			defaultConfigurationIsVisible = 0;
			defaultConfigurationName = Release;
		};
		F5FB7E661F083DD10095095A /* Build configuration list for PBXNativeTarget "MoviesUITests" */ = {
			isa = XCConfigurationList;
			buildConfigurations = (
				F5FB7E671F083DD10095095A /* Debug */,
				F5FB7E681F083DD10095095A /* Release */,
			);
			defaultConfigurationIsVisible = 0;
			defaultConfigurationName = Release;
		};
/* End XCConfigurationList section */

/* Begin XCVersionGroup section */
		F5FB7E3F1F083DD10095095A /* Movies.xcdatamodeld */ = {
			isa = XCVersionGroup;
			children = (
				F5FB7E401F083DD10095095A /* Movies.xcdatamodel */,
			);
			currentVersion = F5FB7E401F083DD10095095A /* Movies.xcdatamodel */;
			path = Movies.xcdatamodeld;
			sourceTree = "<group>";
			versionGroupType = wrapper.xcdatamodel;
		};
/* End XCVersionGroup section */
	};
	rootObject = F5FB7E2D1F083DD10095095A /* Project object */;
}
